
Microsoft Visual Studio Solution File, Format Version 12.00
# Visual Studio 15
VisualStudioVersion = 15.0.28010.0
MinimumVisualStudioVersion = 10.0.40219.1
Project("{FAE04EC0-301F-11D3-BF4B-00C04F79EFBC}") = "MDIApplication", "MDIApplication\MDIApplication.csproj", "{CF9B6A35-CE91-46C9-9FC6-8B9426B0A8B4}"
EndProject
Global
	GlobalSection(SolutionConfigurationPlatforms) = preSolution
		Debug|Any CPU = Debug|Any CPU
		Release|Any CPU = Release|Any CPU
	EndGlobalSection
	GlobalSection(ProjectConfigurationPlatforms) = postSolution
		{CF9B6A35-CE91-46C9-9FC6-8B9426B0A8B4}.Debug|Any CPU.ActiveCfg = Debug|Any CPU
		{CF9B6A35-CE91-46C9-9FC6-8B9426B0A8B4}.Debug|Any CPU.Build.0 = Debug|Any CPU
		{CF9B6A35-CE91-46C9-9FC6-8B9426B0A8B4}.Release|Any CPU.ActiveCfg = Release|Any CPU
		{CF9B6A35-CE91-46C9-9FC6-8B9426B0A8B4}.Release|Any CPU.Build.0 = Release|Any CPU
	EndGlobalSection
	GlobalSection(SolutionProperties) = preSolution
		HideSolutionNode = FALSE
	EndGlobalSection
	GlobalSection(ExtensibilityGlobals) = postSolution
		SolutionGuid = {DBB252E3-B942-4ED1-8EA9-435AEB8D2F86}
	EndGlobalSection
EndGlobal
